
Microsoft Visual Studio Solution File, Format Version 12.00
Project("{FAE04EC0-301F-11D3-BF4B-00C04F79EFBC}") = "Battleships", "Battleships\Battleships.csproj", "{EAE01D03-16B4-4D5F-B799-F5229439E050}"
EndProject
Project("{FAE04EC0-301F-11D3-BF4B-00C04F79EFBC}") = "Battleships.Test", "Battleships.Test\Battleships.Test.csproj", "{41CFCE5C-AE0E-4A02-A7F9-1C153704731C}"
EndProject
Global
	GlobalSection(SolutionConfigurationPlatforms) = preSolution
		Debug|Any CPU = Debug|Any CPU
		Release|Any CPU = Release|Any CPU
	EndGlobalSection
	GlobalSection(ProjectConfigurationPlatforms) = postSolution
		{EAE01D03-16B4-4D5F-B799-F5229439E050}.Debug|Any CPU.ActiveCfg = Debug|Any CPU
		{EAE01D03-16B4-4D5F-B799-F5229439E050}.Debug|Any CPU.Build.0 = Debug|Any CPU
		{EAE01D03-16B4-4D5F-B799-F5229439E050}.Release|Any CPU.ActiveCfg = Release|Any CPU
		{EAE01D03-16B4-4D5F-B799-F5229439E050}.Release|Any CPU.Build.0 = Release|Any CPU
		{41CFCE5C-AE0E-4A02-A7F9-1C153704731C}.Debug|Any CPU.ActiveCfg = Debug|Any CPU
		{41CFCE5C-AE0E-4A02-A7F9-1C153704731C}.Debug|Any CPU.Build.0 = Debug|Any CPU
		{41CFCE5C-AE0E-4A02-A7F9-1C153704731C}.Release|Any CPU.ActiveCfg = Release|Any CPU
		{41CFCE5C-AE0E-4A02-A7F9-1C153704731C}.Release|Any CPU.Build.0 = Release|Any CPU
	EndGlobalSection
EndGlobal
